
Microsoft Visual Studio Solution File, Format Version 12.00
# Visual Studio Version 17
VisualStudioVersion = 17.9.34723.18
MinimumVisualStudioVersion = 10.0.40219.1
Project("{FAE04EC0-301F-11D3-BF4B-00C04F79EFBC}") = "ExemploEf", "ExemploEf\ExemploEf.csproj", "{53E2BFCF-4CE9-4043-9786-29AA7E442A10}"
EndProject
Global
	GlobalSection(SolutionConfigurationPlatforms) = preSolution
		Debug|Any CPU = Debug|Any CPU
		Release|Any CPU = Release|Any CPU
	EndGlobalSection
	GlobalSection(ProjectConfigurationPlatforms) = postSolution
		{53E2BFCF-4CE9-4043-9786-29AA7E442A10}.Debug|Any CPU.ActiveCfg = Debug|Any CPU
		{53E2BFCF-4CE9-4043-9786-29AA7E442A10}.Debug|Any CPU.Build.0 = Debug|Any CPU
		{53E2BFCF-4CE9-4043-9786-29AA7E442A10}.Release|Any CPU.ActiveCfg = Release|Any CPU
		{53E2BFCF-4CE9-4043-9786-29AA7E442A10}.Release|Any CPU.Build.0 = Release|Any CPU
	EndGlobalSection
	GlobalSection(SolutionProperties) = preSolution
		HideSolutionNode = FALSE
	EndGlobalSection
	GlobalSection(ExtensibilityGlobals) = postSolution
		SolutionGuid = {29B9A897-B729-47D7-9FDE-8143BA50F5FE}
	EndGlobalSection
EndGlobal
